{
  "name": "labecommerce-backend",
  "lockfileVersion": 2,
  "requires": true,
  "packages": {
    "": {
      "devDependencies": {
        "typescript": "^4.9.4",
        "typescritp": "^1.0.0"
      }
    },
    "node_modules/typescript": {
      "version": "4.9.4",
      "resolved": "https://registry.npmjs.org/typescript/-/typescript-4.9.4.tgz",
      "integrity": "sha512-Uz+dTXYzxXXbsFpM86Wh3dKCxrQqUcVMxwU54orwlJjOpO3ao8L7j5lH+dWfTwgCwIuM9GQ2kvVotzYJMXTBZg==",
      "dev": true,
      "bin": {
        "tsc": "bin/tsc",
        "tsserver": "bin/tsserver"
      },
      "engines": {
        "node": ">=4.2.0"
      }
    },
    "node_modules/typescritp": {
      "version": "1.0.0",
      "resolved": "https://registry.npmjs.org/typescritp/-/typescritp-1.0.0.tgz",
      "integrity": "sha512-88hSOM0JRNE+lY8LQvwebA6WCf54+FoDUQuNCuoBvHxu+tj76LteTUymKzwuS6VVAuBLfI5xcZyv88sj4yxDaw==",
      "dev": true
    }
  },
  "dependencies": {
    "typescript": {
      "version": "4.9.4",
      "resolved": "https://registry.npmjs.org/typescript/-/typescript-4.9.4.tgz",
      "integrity": "sha512-Uz+dTXYzxXXbsFpM86Wh3dKCxrQqUcVMxwU54orwlJjOpO3ao8L7j5lH+dWfTwgCwIuM9GQ2kvVotzYJMXTBZg==",
      "dev": true
    },
    "typescritp": {
      "version": "1.0.0",
      "resolved": "https://registry.npmjs.org/typescritp/-/typescritp-1.0.0.tgz",
      "integrity": "sha512-88hSOM0JRNE+lY8LQvwebA6WCf54+FoDUQuNCuoBvHxu+tj76LteTUymKzwuS6VVAuBLfI5xcZyv88sj4yxDaw==",
      "dev": true
    }
  }
}
